// !$*UTF8*$!
{
	archiveVersion = 1;
	classes = {
	};
	objectVersion = 46;
	objects = {

/* Begin PBXBuildFile section */
		E2B0CE931E9390A700D9017B /* main.m in Sources */ = {isa = PBXBuildFile; fileRef = E2B0CE921E9390A700D9017B /* main.m */; };
		E2B0CE961E9390A700D9017B /* AppDelegate.m in Sources */ = {isa = PBXBuildFile; fileRef = E2B0CE951E9390A700D9017B /* AppDelegate.m */; };
		E2B0CE991E9390A700D9017B /* ViewController.m in Sources */ = {isa = PBXBuildFile; fileRef = E2B0CE981E9390A700D9017B /* ViewController.m */; };
		E2B0CE9C1E9390A700D9017B /* Main.storyboard in Resources */ = {isa = PBXBuildFile; fileRef = E2B0CE9A1E9390A700D9017B /* Main.storyboard */; };
		E2B0CE9E1E9390A700D9017B /* Assets.xcassets in Resources */ = {isa = PBXBuildFile; fileRef = E2B0CE9D1E9390A700D9017B /* Assets.xcassets */; };
		E2B0CEA11E9390A700D9017B /* LaunchScreen.storyboard in Resources */ = {isa = PBXBuildFile; fileRef = E2B0CE9F1E9390A700D9017B /* LaunchScreen.storyboard */; };
		E2B0CEAC1E9390A700D9017B /* XJTableHelperDemoTests.m in Sources */ = {isa = PBXBuildFile; fileRef = E2B0CEAB1E9390A700D9017B /* XJTableHelperDemoTests.m */; };
		E2B0CEB71E9390A700D9017B /* XJTableHelperDemoUITests.m in Sources */ = {isa = PBXBuildFile; fileRef = E2B0CEB61E9390A700D9017B /* XJTableHelperDemoUITests.m */; };
		E2B0CEC91E9390E200D9017B /* TextCell.m in Sources */ = {isa = PBXBuildFile; fileRef = E2B0CEC51E9390E200D9017B /* TextCell.m */; };
		E2B0CECA1E9390E200D9017B /* XJTableHelper.m in Sources */ = {isa = PBXBuildFile; fileRef = E2B0CEC81E9390E200D9017B /* XJTableHelper.m */; };
/* End PBXBuildFile section */

/* Begin PBXContainerItemProxy section */
		E2B0CEA81E9390A700D9017B /* PBXContainerItemProxy */ = {
			isa = PBXContainerItemProxy;
			containerPortal = E2B0CE861E9390A700D9017B /* Project object */;
			proxyType = 1;
			remoteGlobalIDString = E2B0CE8D1E9390A700D9017B;
			remoteInfo = XJTableHelperDemo;
		};
		E2B0CEB31E9390A700D9017B /* PBXContainerItemProxy */ = {
			isa = PBXContainerItemProxy;
			containerPortal = E2B0CE861E9390A700D9017B /* Project object */;
			proxyType = 1;
			remoteGlobalIDString = E2B0CE8D1E9390A700D9017B;
			remoteInfo = XJTableHelperDemo;
		};
/* End PBXContainerItemProxy section */

/* Begin PBXFileReference section */
		E2B0CE8E1E9390A700D9017B /* XJTableHelperDemo.app */ = {isa = PBXFileReference; explicitFileType = wrapper.application; includeInIndex = 0; path = XJTableHelperDemo.app; sourceTree = BUILT_PRODUCTS_DIR; };
		E2B0CE921E9390A700D9017B /* main.m */ = {isa = PBXFileReference; lastKnownFileType = sourcecode.c.objc; path = main.m; sourceTree = "<group>"; };
		E2B0CE941E9390A700D9017B /* AppDelegate.h */ = {isa = PBXFileReference; lastKnownFileType = sourcecode.c.h; path = AppDelegate.h; sourceTree = "<group>"; };
		E2B0CE951E9390A700D9017B /* AppDelegate.m */ = {isa = PBXFileReference; lastKnownFileType = sourcecode.c.objc; path = AppDelegate.m; sourceTree = "<group>"; };
		E2B0CE971E9390A700D9017B /* ViewController.h */ = {isa = PBXFileReference; lastKnownFileType = sourcecode.c.h; path = ViewController.h; sourceTree = "<group>"; };
		E2B0CE981E9390A700D9017B /* ViewController.m */ = {isa = PBXFileReference; lastKnownFileType = sourcecode.c.objc; path = ViewController.m; sourceTree = "<group>"; };
		E2B0CE9B1E9390A700D9017B /* Base */ = {isa = PBXFileReference; lastKnownFileType = file.storyboard; name = Base; path = Base.lproj/Main.storyboard; sourceTree = "<group>"; };
		E2B0CE9D1E9390A700D9017B /* Assets.xcassets */ = {isa = PBXFileReference; lastKnownFileType = folder.assetcatalog; path = Assets.xcassets; sourceTree = "<group>"; };
		E2B0CEA01E9390A700D9017B /* Base */ = {isa = PBXFileReference; lastKnownFileType = file.storyboard; name = Base; path = Base.lproj/LaunchScreen.storyboard; sourceTree = "<group>"; };
		E2B0CEA21E9390A700D9017B /* Info.plist */ = {isa = PBXFileReference; lastKnownFileType = text.plist.xml; path = Info.plist; sourceTree = "<group>"; };
		E2B0CEA71E9390A700D9017B /* XJTableHelperDemoTests.xctest */ = {isa = PBXFileReference; explicitFileType = wrapper.cfbundle; includeInIndex = 0; path = XJTableHelperDemoTests.xctest; sourceTree = BUILT_PRODUCTS_DIR; };
		E2B0CEAB1E9390A700D9017B /* XJTableHelperDemoTests.m */ = {isa = PBXFileReference; lastKnownFileType = sourcecode.c.objc; path = XJTableHelperDemoTests.m; sourceTree = "<group>"; };
		E2B0CEAD1E9390A700D9017B /* Info.plist */ = {isa = PBXFileReference; lastKnownFileType = text.plist.xml; path = Info.plist; sourceTree = "<group>"; };
		E2B0CEB21E9390A700D9017B /* XJTableHelperDemoUITests.xctest */ = {isa = PBXFileReference; explicitFileType = wrapper.cfbundle; includeInIndex = 0; path = XJTableHelperDemoUITests.xctest; sourceTree = BUILT_PRODUCTS_DIR; };
		E2B0CEB61E9390A700D9017B /* XJTableHelperDemoUITests.m */ = {isa = PBXFileReference; lastKnownFileType = sourcecode.c.objc; path = XJTableHelperDemoUITests.m; sourceTree = "<group>"; };
		E2B0CEB81E9390A700D9017B /* Info.plist */ = {isa = PBXFileReference; lastKnownFileType = text.plist.xml; path = Info.plist; sourceTree = "<group>"; };
		E2B0CEC41E9390E200D9017B /* TextCell.h */ = {isa = PBXFileReference; fileEncoding = 4; lastKnownFileType = sourcecode.c.h; path = TextCell.h; sourceTree = "<group>"; };
		E2B0CEC51E9390E200D9017B /* TextCell.m */ = {isa = PBXFileReference; fileEncoding = 4; lastKnownFileType = sourcecode.c.objc; path = TextCell.m; sourceTree = "<group>"; };
		E2B0CEC71E9390E200D9017B /* XJTableHelper.h */ = {isa = PBXFileReference; fileEncoding = 4; lastKnownFileType = sourcecode.c.h; path = XJTableHelper.h; sourceTree = "<group>"; };
		E2B0CEC81E9390E200D9017B /* XJTableHelper.m */ = {isa = PBXFileReference; fileEncoding = 4; lastKnownFileType = sourcecode.c.objc; path = XJTableHelper.m; sourceTree = "<group>"; };
/* End PBXFileReference section */

/* Begin PBXFrameworksBuildPhase section */
		E2B0CE8B1E9390A700D9017B /* Frameworks */ = {
			isa = PBXFrameworksBuildPhase;
			buildActionMask = 2147483647;
			files = (
			);
			runOnlyForDeploymentPostprocessing = 0;
		};
		E2B0CEA41E9390A700D9017B /* Frameworks */ = {
			isa = PBXFrameworksBuildPhase;
			buildActionMask = 2147483647;
			files = (
			);
			runOnlyForDeploymentPostprocessing = 0;
		};
		E2B0CEAF1E9390A700D9017B /* Frameworks */ = {
			isa = PBXFrameworksBuildPhase;
			buildActionMask = 2147483647;
			files = (
			);
			runOnlyForDeploymentPostprocessing = 0;
		};
/* End PBXFrameworksBuildPhase section */

/* Begin PBXGroup section */
		E2B0CE851E9390A700D9017B = {
			isa = PBXGroup;
			children = (
				E2B0CE901E9390A700D9017B /* XJTableHelperDemo */,
				E2B0CEAA1E9390A700D9017B /* XJTableHelperDemoTests */,
				E2B0CEB51E9390A700D9017B /* XJTableHelperDemoUITests */,
				E2B0CE8F1E9390A700D9017B /* Products */,
			);
			sourceTree = "<group>";
		};
		E2B0CE8F1E9390A700D9017B /* Products */ = {
			isa = PBXGroup;
			children = (
				E2B0CE8E1E9390A700D9017B /* XJTableHelperDemo.app */,
				E2B0CEA71E9390A700D9017B /* XJTableHelperDemoTests.xctest */,
				E2B0CEB21E9390A700D9017B /* XJTableHelperDemoUITests.xctest */,
			);
			name = Products;
			sourceTree = "<group>";
		};
		E2B0CE901E9390A700D9017B /* XJTableHelperDemo */ = {
			isa = PBXGroup;
			children = (
				E2B0CEC61E9390E200D9017B /* XJTableHelper */,
				E2B0CE941E9390A700D9017B /* AppDelegate.h */,
				E2B0CE951E9390A700D9017B /* AppDelegate.m */,
				E2B0CE971E9390A700D9017B /* ViewController.h */,
				E2B0CE981E9390A700D9017B /* ViewController.m */,
				E2B0CEC41E9390E200D9017B /* TextCell.h */,
				E2B0CEC51E9390E200D9017B /* TextCell.m */,
				E2B0CE9A1E9390A700D9017B /* Main.storyboard */,
				E2B0CE9D1E9390A700D9017B /* Assets.xcassets */,
				E2B0CE9F1E9390A700D9017B /* LaunchScreen.storyboard */,
				E2B0CEA21E9390A700D9017B /* Info.plist */,
				E2B0CE911E9390A700D9017B /* Supporting Files */,
			);
			path = XJTableHelperDemo;
			sourceTree = "<group>";
		};
		E2B0CE911E9390A700D9017B /* Supporting Files */ = {
			isa = PBXGroup;
			children = (
				E2B0CE921E9390A700D9017B /* main.m */,
			);
			name = "Supporting Files";
			sourceTree = "<group>";
		};
		E2B0CEAA1E9390A700D9017B /* XJTableHelperDemoTests */ = {
			isa = PBXGroup;
			children = (
				E2B0CEAB1E9390A700D9017B /* XJTableHelperDemoTests.m */,
				E2B0CEAD1E9390A700D9017B /* Info.plist */,
			);
			path = XJTableHelperDemoTests;
			sourceTree = "<group>";
		};
		E2B0CEB51E9390A700D9017B /* XJTableHelperDemoUITests */ = {
			isa = PBXGroup;
			children = (
				E2B0CEB61E9390A700D9017B /* XJTableHelperDemoUITests.m */,
				E2B0CEB81E9390A700D9017B /* Info.plist */,
			);
			path = XJTableHelperDemoUITests;
			sourceTree = "<group>";
		};
		E2B0CEC61E9390E200D9017B /* XJTableHelper */ = {
			isa = PBXGroup;
			children = (
				E2B0CEC71E9390E200D9017B /* XJTableHelper.h */,
				E2B0CEC81E9390E200D9017B /* XJTableHelper.m */,
			);
			path = XJTableHelper;
			sourceTree = "<group>";
		};
/* End PBXGroup section */

/* Begin PBXNativeTarget section */
		E2B0CE8D1E9390A700D9017B /* XJTableHelperDemo */ = {
			isa = PBXNativeTarget;
			buildConfigurationList = E2B0CEBB1E9390A700D9017B /* Build configuration list for PBXNativeTarget "XJTableHelperDemo" */;
			buildPhases = (
				E2B0CE8A1E9390A700D9017B /* Sources */,
				E2B0CE8B1E9390A700D9017B /* Frameworks */,
				E2B0CE8C1E9390A700D9017B /* Resources */,
			);
			buildRules = (
			);
			dependencies = (
			);
			name = XJTableHelperDemo;
			productName = XJTableHelperDemo;
			productReference = E2B0CE8E1E9390A700D9017B /* XJTableHelperDemo.app */;
			productType = "com.apple.product-type.application";
		};
		E2B0CEA61E9390A700D9017B /* XJTableHelperDemoTests */ = {
			isa = PBXNativeTarget;
			buildConfigurationList = E2B0CEBE1E9390A700D9017B /* Build configuration list for PBXNativeTarget "XJTableHelperDemoTests" */;
			buildPhases = (
				E2B0CEA31E9390A700D9017B /* Sources */,
				E2B0CEA41E9390A700D9017B /* Frameworks */,
				E2B0CEA51E9390A700D9017B /* Resources */,
			);
			buildRules = (
			);
			dependencies = (
				E2B0CEA91E9390A700D9017B /* PBXTargetDependency */,
			);
			name = XJTableHelperDemoTests;
			productName = XJTableHelperDemoTests;
			productReference = E2B0CEA71E9390A700D9017B /* XJTableHelperDemoTests.xctest */;
			productType = "com.apple.product-type.bundle.unit-test";
		};
		E2B0CEB11E9390A700D9017B /* XJTableHelperDemoUITests */ = {
			isa = PBXNativeTarget;
			buildConfigurationList = E2B0CEC11E9390A700D9017B /* Build configuration list for PBXNativeTarget "XJTableHelperDemoUITests" */;
			buildPhases = (
				E2B0CEAE1E9390A700D9017B /* Sources */,
				E2B0CEAF1E9390A700D9017B /* Frameworks */,
				E2B0CEB01E9390A700D9017B /* Resources */,
			);
			buildRules = (
			);
			dependencies = (
				E2B0CEB41E9390A700D9017B /* PBXTargetDependency */,
			);
			name = XJTableHelperDemoUITests;
			productName = XJTableHelperDemoUITests;
			productReference = E2B0CEB21E9390A700D9017B /* XJTableHelperDemoUITests.xctest */;
			productType = "com.apple.product-type.bundle.ui-testing";
		};
/* End PBXNativeTarget section */

/* Begin PBXProject section */
		E2B0CE861E9390A700D9017B /* Project object */ = {
			isa = PBXProject;
			attributes = {
				LastUpgradeCheck = 0800;
				ORGANIZATIONNAME = "邢进";
				TargetAttributes = {
					E2B0CE8D1E9390A700D9017B = {
						CreatedOnToolsVersion = 8.0;
						ProvisioningStyle = Automatic;
					};
					E2B0CEA61E9390A700D9017B = {
						CreatedOnToolsVersion = 8.0;
						ProvisioningStyle = Automatic;
						TestTargetID = E2B0CE8D1E9390A700D9017B;
					};
					E2B0CEB11E9390A700D9017B = {
						CreatedOnToolsVersion = 8.0;
						ProvisioningStyle = Automatic;
						TestTargetID = E2B0CE8D1E9390A700D9017B;
					};
				};
			};
			buildConfigurationList = E2B0CE891E9390A700D9017B /* Build configuration list for PBXProject "XJTableHelperDemo" */;
			compatibilityVersion = "Xcode 3.2";
			developmentRegion = English;
			hasScannedForEncodings = 0;
			knownRegions = (
				en,
				Base,
			);
			mainGroup = E2B0CE851E9390A700D9017B;
			productRefGroup = E2B0CE8F1E9390A700D9017B /* Products */;
			projectDirPath = "";
			projectRoot = "";
			targets = (
				E2B0CE8D1E9390A700D9017B /* XJTableHelperDemo */,
				E2B0CEA61E9390A700D9017B /* XJTableHelperDemoTests */,
				E2B0CEB11E9390A700D9017B /* XJTableHelperDemoUITests */,
			);
		};
/* End PBXProject section */

/* Begin PBXResourcesBuildPhase section */
		E2B0CE8C1E9390A700D9017B /* Resources */ = {
			isa = PBXResourcesBuildPhase;
			buildActionMask = 2147483647;
			files = (
				E2B0CEA11E9390A700D9017B /* LaunchScreen.storyboard in Resources */,
				E2B0CE9E1E9390A700D9017B /* Assets.xcassets in Resources */,
				E2B0CE9C1E9390A700D9017B /* Main.storyboard in Resources */,
			);
			runOnlyForDeploymentPostprocessing = 0;
		};
		E2B0CEA51E9390A700D9017B /* Resources */ = {
			isa = PBXResourcesBuildPhase;
			buildActionMask = 2147483647;
			files = (
			);
			runOnlyForDeploymentPostprocessing = 0;
		};
		E2B0CEB01E9390A700D9017B /* Resources */ = {
			isa = PBXResourcesBuildPhase;
			buildActionMask = 2147483647;
			files = (
			);
			runOnlyForDeploymentPostprocessing = 0;
		};
/* End PBXResourcesBuildPhase section */

/* Begin PBXSourcesBuildPhase section */
		E2B0CE8A1E9390A700D9017B /* Sources */ = {
			isa = PBXSourcesBuildPhase;
			buildActionMask = 2147483647;
			files = (
				E2B0CE991E9390A700D9017B /* ViewController.m in Sources */,
				E2B0CE961E9390A700D9017B /* AppDelegate.m in Sources */,
				E2B0CECA1E9390E200D9017B /* XJTableHelper.m in Sources */,
				E2B0CEC91E9390E200D9017B /* TextCell.m in Sources */,
				E2B0CE931E9390A700D9017B /* main.m in Sources */,
			);
			runOnlyForDeploymentPostprocessing = 0;
		};
		E2B0CEA31E9390A700D9017B /* Sources */ = {
			isa = PBXSourcesBuildPhase;
			buildActionMask = 2147483647;
			files = (
				E2B0CEAC1E9390A700D9017B /* XJTableHelperDemoTests.m in Sources */,
			);
			runOnlyForDeploymentPostprocessing = 0;
		};
		E2B0CEAE1E9390A700D9017B /* Sources */ = {
			isa = PBXSourcesBuildPhase;
			buildActionMask = 2147483647;
			files = (
				E2B0CEB71E9390A700D9017B /* XJTableHelperDemoUITests.m in Sources */,
			);
			runOnlyForDeploymentPostprocessing = 0;
		};
/* End PBXSourcesBuildPhase section */

/* Begin PBXTargetDependency section */
		E2B0CEA91E9390A700D9017B /* PBXTargetDependency */ = {
			isa = PBXTargetDependency;
			target = E2B0CE8D1E9390A700D9017B /* XJTableHelperDemo */;
			targetProxy = E2B0CEA81E9390A700D9017B /* PBXContainerItemProxy */;
		};
		E2B0CEB41E9390A700D9017B /* PBXTargetDependency */ = {
			isa = PBXTargetDependency;
			target = E2B0CE8D1E9390A700D9017B /* XJTableHelperDemo */;
			targetProxy = E2B0CEB31E9390A700D9017B /* PBXContainerItemProxy */;
		};
/* End PBXTargetDependency section */

/* Begin PBXVariantGroup section */
		E2B0CE9A1E9390A700D9017B /* Main.storyboard */ = {
			isa = PBXVariantGroup;
			children = (
				E2B0CE9B1E9390A700D9017B /* Base */,
			);
			name = Main.storyboard;
			sourceTree = "<group>";
		};
		E2B0CE9F1E9390A700D9017B /* LaunchScreen.storyboard */ = {
			isa = PBXVariantGroup;
			children = (
				E2B0CEA01E9390A700D9017B /* Base */,
			);
			name = LaunchScreen.storyboard;
			sourceTree = "<group>";
		};
/* End PBXVariantGroup section */

/* Begin XCBuildConfiguration section */
		E2B0CEB91E9390A700D9017B /* Debug */ = {
			isa = XCBuildConfiguration;
			buildSettings = {
				ALWAYS_SEARCH_USER_PATHS = NO;
				CLANG_ANALYZER_NONNULL = YES;
				CLANG_CXX_LANGUAGE_STANDARD = "gnu++0x";
				CLANG_CXX_LIBRARY = "libc++";
				CLANG_ENABLE_MODULES = YES;
				CLANG_ENABLE_OBJC_ARC = YES;
				CLANG_WARN_BOOL_CONVERSION = YES;
				CLANG_WARN_CONSTANT_CONVERSION = YES;
				CLANG_WARN_DIRECT_OBJC_ISA_USAGE = YES_ERROR;
				CLANG_WARN_DOCUMENTATION_COMMENTS = YES;
				CLANG_WARN_EMPTY_BODY = YES;
				CLANG_WARN_ENUM_CONVERSION = YES;
				CLANG_WARN_INFINITE_RECURSION = YES;
				CLANG_WARN_INT_CONVERSION = YES;
				CLANG_WARN_OBJC_ROOT_CLASS = YES_ERROR;
				CLANG_WARN_SUSPICIOUS_MOVES = YES;
				CLANG_WARN_UNREACHABLE_CODE = YES;
				CLANG_WARN__DUPLICATE_METHOD_MATCH = YES;
				"CODE_SIGN_IDENTITY[sdk=iphoneos*]" = "iPhone Developer";
				COPY_PHASE_STRIP = NO;
				DEBUG_INFORMATION_FORMAT = dwarf;
				ENABLE_STRICT_OBJC_MSGSEND = YES;
				ENABLE_TESTABILITY = YES;
				GCC_C_LANGUAGE_STANDARD = gnu99;
				GCC_DYNAMIC_NO_PIC = NO;
				GCC_NO_COMMON_BLOCKS = YES;
				GCC_OPTIMIZATION_LEVEL = 0;
				GCC_PREPROCESSOR_DEFINITIONS = (
					"DEBUG=1",
					"$(inherited)",
				);
				GCC_WARN_64_TO_32_BIT_CONVERSION = YES;
				GCC_WARN_ABOUT_RETURN_TYPE = YES_ERROR;
				GCC_WARN_UNDECLARED_SELECTOR = YES;
				GCC_WARN_UNINITIALIZED_AUTOS = YES_AGGRESSIVE;
				GCC_WARN_UNUSED_FUNCTION = YES;
				GCC_WARN_UNUSED_VARIABLE = YES;
				IPHONEOS_DEPLOYMENT_TARGET = 10.0;
				MTL_ENABLE_DEBUG_INFO = YES;
				ONLY_ACTIVE_ARCH = YES;
				SDKROOT = iphoneos;
				TARGETED_DEVICE_FAMILY = "1,2";
			};
			name = Debug;
		};
		E2B0CEBA1E9390A700D9017B /* Release */ = {
			isa = XCBuildConfiguration;
			buildSettings = {
				ALWAYS_SEARCH_USER_PATHS = NO;
				CLANG_ANALYZER_NONNULL = YES;
				CLANG_CXX_LANGUAGE_STANDARD = "gnu++0x";
				CLANG_CXX_LIBRARY = "libc++";
				CLANG_ENABLE_MODULES = YES;
				CLANG_ENABLE_OBJC_ARC = YES;
				CLANG_WARN_BOOL_CONVERSION = YES;
				CLANG_WARN_CONSTANT_CONVERSION = YES;
				CLANG_WARN_DIRECT_OBJC_ISA_USAGE = YES_ERROR;
				CLANG_WARN_DOCUMENTATION_COMMENTS = YES;
				CLANG_WARN_EMPTY_BODY = YES;
				CLANG_WARN_ENUM_CONVERSION = YES;
				CLANG_WARN_INFINITE_RECURSION = YES;
				CLANG_WARN_INT_CONVERSION = YES;
				CLANG_WARN_OBJC_ROOT_CLASS = YES_ERROR;
				CLANG_WARN_SUSPICIOUS_MOVES = YES;
				CLANG_WARN_UNREACHABLE_CODE = YES;
				CLANG_WARN__DUPLICATE_METHOD_MATCH = YES;
				"CODE_SIGN_IDENTITY[sdk=iphoneos*]" = "iPhone Developer";
				COPY_PHASE_STRIP = NO;
				DEBUG_INFORMATION_FORMAT = "dwarf-with-dsym";
				ENABLE_NS_ASSERTIONS = NO;
				ENABLE_STRICT_OBJC_MSGSEND = YES;
				GCC_C_LANGUAGE_STANDARD = gnu99;
				GCC_NO_COMMON_BLOCKS = YES;
				GCC_WARN_64_TO_32_BIT_CONVERSION = YES;
				GCC_WARN_ABOUT_RETURN_TYPE = YES_ERROR;
				GCC_WARN_UNDECLARED_SELECTOR = YES;
				GCC_WARN_UNINITIALIZED_AUTOS = YES_AGGRESSIVE;
				GCC_WARN_UNUSED_FUNCTION = YES;
				GCC_WARN_UNUSED_VARIABLE = YES;
				IPHONEOS_DEPLOYMENT_TARGET = 10.0;
				MTL_ENABLE_DEBUG_INFO = NO;
				SDKROOT = iphoneos;
				TARGETED_DEVICE_FAMILY = "1,2";
				VALIDATE_PRODUCT = YES;
			};
			name = Release;
		};
		E2B0CEBC1E9390A700D9017B /* Debug */ = {
			isa = XCBuildConfiguration;
			buildSettings = {
				ASSETCATALOG_COMPILER_APPICON_NAME = AppIcon;
				INFOPLIST_FILE = XJTableHelperDemo/Info.plist;
				IPHONEOS_DEPLOYMENT_TARGET = 9.0;
				LD_RUNPATH_SEARCH_PATHS = "$(inherited) @executable_path/Frameworks";
				PRODUCT_BUNDLE_IDENTIFIER = xingjin.XJTableHelperDemo;
				PRODUCT_NAME = "$(TARGET_NAME)";
			};
			name = Debug;
		};
		E2B0CEBD1E9390A700D9017B /* Release */ = {
			isa = XCBuildConfiguration;
			buildSettings = {
				ASSETCATALOG_COMPILER_APPICON_NAME = AppIcon;
				INFOPLIST_FILE = XJTableHelperDemo/Info.plist;
				IPHONEOS_DEPLOYMENT_TARGET = 9.0;
				LD_RUNPATH_SEARCH_PATHS = "$(inherited) @executable_path/Frameworks";
				PRODUCT_BUNDLE_IDENTIFIER = xingjin.XJTableHelperDemo;
				PRODUCT_NAME = "$(TARGET_NAME)";
			};
			name = Release;
		};
		E2B0CEBF1E9390A700D9017B /* Debug */ = {
			isa = XCBuildConfiguration;
			buildSettings = {
				BUNDLE_LOADER = "$(TEST_HOST)";
				INFOPLIST_FILE = XJTableHelperDemoTests/Info.plist;
				LD_RUNPATH_SEARCH_PATHS = "$(inherited) @executable_path/Frameworks @loader_path/Frameworks";
				PRODUCT_BUNDLE_IDENTIFIER = xingjin.XJTableHelperDemoTests;
				PRODUCT_NAME = "$(TARGET_NAME)";
				TEST_HOST = "$(BUILT_PRODUCTS_DIR)/XJTableHelperDemo.app/XJTableHelperDemo";
			};
			name = Debug;
		};
		E2B0CEC01E9390A700D9017B /* Release */ = {
			isa = XCBuildConfiguration;
			buildSettings = {
				BUNDLE_LOADER = "$(TEST_HOST)";
				INFOPLIST_FILE = XJTableHelperDemoTests/Info.plist;
				LD_RUNPATH_SEARCH_PATHS = "$(inherited) @executable_path/Frameworks @loader_path/Frameworks";
				PRODUCT_BUNDLE_IDENTIFIER = xingjin.XJTableHelperDemoTests;
				PRODUCT_NAME = "$(TARGET_NAME)";
				TEST_HOST = "$(BUILT_PRODUCTS_DIR)/XJTableHelperDemo.app/XJTableHelperDemo";
			};
			name = Release;
		};
		E2B0CEC21E9390A700D9017B /* Debug */ = {
			isa = XCBuildConfiguration;
			buildSettings = {
				INFOPLIST_FILE = XJTableHelperDemoUITests/Info.plist;
				LD_RUNPATH_SEARCH_PATHS = "$(inherited) @executable_path/Frameworks @loader_path/Frameworks";
				PRODUCT_BUNDLE_IDENTIFIER = xingjin.XJTableHelperDemoUITests;
				PRODUCT_NAME = "$(TARGET_NAME)";
				TEST_TARGET_NAME = XJTableHelperDemo;
			};
			name = Debug;
		};
		E2B0CEC31E9390A700D9017B /* Release */ = {
			isa = XCBuildConfiguration;
			buildSettings = {
				INFOPLIST_FILE = XJTableHelperDemoUITests/Info.plist;
				LD_RUNPATH_SEARCH_PATHS = "$(inherited) @executable_path/Frameworks @loader_path/Frameworks";
				PRODUCT_BUNDLE_IDENTIFIER = xingjin.XJTableHelperDemoUITests;
				PRODUCT_NAME = "$(TARGET_NAME)";
				TEST_TARGET_NAME = XJTableHelperDemo;
			};
			name = Release;
		};
/* End XCBuildConfiguration section */

/* Begin XCConfigurationList section */
		E2B0CE891E9390A700D9017B /* Build configuration list for PBXProject "XJTableHelperDemo" */ = {
			isa = XCConfigurationList;
			buildConfigurations = (
				E2B0CEB91E9390A700D9017B /* Debug */,
				E2B0CEBA1E9390A700D9017B /* Release */,
			);
			defaultConfigurationIsVisible = 0;
			defaultConfigurationName = Release;
		};
		E2B0CEBB1E9390A700D9017B /* Build configuration list for PBXNativeTarget "XJTableHelperDemo" */ = {
			isa = XCConfigurationList;
			buildConfigurations = (
				E2B0CEBC1E9390A700D9017B /* Debug */,
				E2B0CEBD1E9390A700D9017B /* Release */,
			);
			defaultConfigurationIsVisible = 0;
		};
		E2B0CEBE1E9390A700D9017B /* Build configuration list for PBXNativeTarget "XJTableHelperDemoTests" */ = {
			isa = XCConfigurationList;
			buildConfigurations = (
				E2B0CEBF1E9390A700D9017B /* Debug */,
				E2B0CEC01E9390A700D9017B /* Release */,
			);
			defaultConfigurationIsVisible = 0;
		};
		E2B0CEC11E9390A700D9017B /* Build configuration list for PBXNativeTarget "XJTableHelperDemoUITests" */ = {
			isa = XCConfigurationList;
			buildConfigurations = (
				E2B0CEC21E9390A700D9017B /* Debug */,
				E2B0CEC31E9390A700D9017B /* Release */,
			);
			defaultConfigurationIsVisible = 0;
		};
/* End XCConfigurationList section */
	};
	rootObject = E2B0CE861E9390A700D9017B /* Project object */;
}
